// !$*UTF8*$!
{
	archiveVersion = 1;
	classes = {
	};
	objectVersion = 51;
	objects = {

/* Begin PBXBuildFile section */
		4C9D3BFB96925F506A6B4933 /* Pods_VK_Feed.framework in Frameworks */ = {isa = PBXBuildFile; fileRef = 96F5AEDB052CCA56F3F3536B /* Pods_VK_Feed.framework */; };
		A2E6F33C26BF80B20083D45B /* AppDelegate.swift in Sources */ = {isa = PBXBuildFile; fileRef = A2E6F33B26BF80B20083D45B /* AppDelegate.swift */; };
		A2E6F33E26BF80B20083D45B /* SceneDelegate.swift in Sources */ = {isa = PBXBuildFile; fileRef = A2E6F33D26BF80B20083D45B /* SceneDelegate.swift */; };
		A2E6F34526BF80B30083D45B /* Assets.xcassets in Resources */ = {isa = PBXBuildFile; fileRef = A2E6F34426BF80B30083D45B /* Assets.xcassets */; };
		A2E6F34826BF80B30083D45B /* LaunchScreen.storyboard in Resources */ = {isa = PBXBuildFile; fileRef = A2E6F34626BF80B30083D45B /* LaunchScreen.storyboard */; };
		A2E8830226C9EF1800E373DE /* WebImageView.swift in Sources */ = {isa = PBXBuildFile; fileRef = A2E8830126C9EF1800E373DE /* WebImageView.swift */; };
		A2E8830426CA811400E373DE /* StringRectHeight.swift in Sources */ = {isa = PBXBuildFile; fileRef = A2E8830326CA811400E373DE /* StringRectHeight.swift */; };
		A2E8830626CB910300E373DE /* CellHeightCalculator.swift in Sources */ = {isa = PBXBuildFile; fileRef = A2E8830526CB910300E373DE /* CellHeightCalculator.swift */; };
		A2ED207226C8FE94007247FA /* UIViewBorders.swift in Sources */ = {isa = PBXBuildFile; fileRef = A2ED206E26C8FE94007247FA /* UIViewBorders.swift */; };
		A2ED207326C8FE94007247FA /* RoundImageView.swift in Sources */ = {isa = PBXBuildFile; fileRef = A2ED206F26C8FE94007247FA /* RoundImageView.swift */; };
		A2ED207426C8FE94007247FA /* AssetsUIColors.swift in Sources */ = {isa = PBXBuildFile; fileRef = A2ED207026C8FE94007247FA /* AssetsUIColors.swift */; };
		A2ED207526C8FE94007247FA /* UIViewConstraints.swift in Sources */ = {isa = PBXBuildFile; fileRef = A2ED207126C8FE94007247FA /* UIViewConstraints.swift */; };
		A2ED207D26C8FEEC007247FA /* VKNetworkDataFetchet.swift in Sources */ = {isa = PBXBuildFile; fileRef = A2ED207826C8FEEC007247FA /* VKNetworkDataFetchet.swift */; };
		A2ED207E26C8FEEC007247FA /* VKNetworkService.swift in Sources */ = {isa = PBXBuildFile; fileRef = A2ED207926C8FEEC007247FA /* VKNetworkService.swift */; };
		A2ED207F26C8FEEC007247FA /* VKApiConstants.swift in Sources */ = {isa = PBXBuildFile; fileRef = A2ED207A26C8FEEC007247FA /* VKApiConstants.swift */; };
		A2ED208026C8FEEC007247FA /* VKAuthService.swift in Sources */ = {isa = PBXBuildFile; fileRef = A2ED207B26C8FEEC007247FA /* VKAuthService.swift */; };
		A2ED208126C8FEEC007247FA /* VKResponseModels.swift in Sources */ = {isa = PBXBuildFile; fileRef = A2ED207C26C8FEEC007247FA /* VKResponseModels.swift */; };
		A2ED208A26C8FF59007247FA /* PostInfoView.swift in Sources */ = {isa = PBXBuildFile; fileRef = A2ED208526C8FF59007247FA /* PostInfoView.swift */; };
		A2ED208B26C8FF59007247FA /* PostActionButton.swift in Sources */ = {isa = PBXBuildFile; fileRef = A2ED208626C8FF59007247FA /* PostActionButton.swift */; };
		A2ED208C26C8FF59007247FA /* PostActionsView.swift in Sources */ = {isa = PBXBuildFile; fileRef = A2ED208726C8FF59007247FA /* PostActionsView.swift */; };
		A2ED208D26C8FF59007247FA /* PostContentView.swift in Sources */ = {isa = PBXBuildFile; fileRef = A2ED208826C8FF59007247FA /* PostContentView.swift */; };
		A2ED208E26C8FF59007247FA /* FeedTableViewCell.swift in Sources */ = {isa = PBXBuildFile; fileRef = A2ED208926C8FF59007247FA /* FeedTableViewCell.swift */; };
		A2ED209026C8FF71007247FA /* NewsFeedModels.swift in Sources */ = {isa = PBXBuildFile; fileRef = A2ED208F26C8FF71007247FA /* NewsFeedModels.swift */; };
		A2ED209626C900D8007247FA /* NewsFeedViewController.swift in Sources */ = {isa = PBXBuildFile; fileRef = A2ED209526C900D8007247FA /* NewsFeedViewController.swift */; };
		A2ED209C26C9036A007247FA /* NewsFeedInteractor.swift in Sources */ = {isa = PBXBuildFile; fileRef = A2ED209826C9036A007247FA /* NewsFeedInteractor.swift */; };
		A2ED209D26C9036A007247FA /* NewsFeedPresenter.swift in Sources */ = {isa = PBXBuildFile; fileRef = A2ED209926C9036A007247FA /* NewsFeedPresenter.swift */; };
		A2ED20A126C90989007247FA /* AuthViewController.swift in Sources */ = {isa = PBXBuildFile; fileRef = A2ED20A026C90989007247FA /* AuthViewController.swift */; };
/* End PBXBuildFile section */

/* Begin PBXFileReference section */
		0244E9B4248F3B58945BF1E5 /* Pods-VK Feed.debug.xcconfig */ = {isa = PBXFileReference; includeInIndex = 1; lastKnownFileType = text.xcconfig; name = "Pods-VK Feed.debug.xcconfig"; path = "Target Support Files/Pods-VK Feed/Pods-VK Feed.debug.xcconfig"; sourceTree = "<group>"; };
		48AD9B9E16EA6B6FC79494A3 /* Pods-VK Feed.release.xcconfig */ = {isa = PBXFileReference; includeInIndex = 1; lastKnownFileType = text.xcconfig; name = "Pods-VK Feed.release.xcconfig"; path = "Target Support Files/Pods-VK Feed/Pods-VK Feed.release.xcconfig"; sourceTree = "<group>"; };
		96F5AEDB052CCA56F3F3536B /* Pods_VK_Feed.framework */ = {isa = PBXFileReference; explicitFileType = wrapper.framework; includeInIndex = 0; path = Pods_VK_Feed.framework; sourceTree = BUILT_PRODUCTS_DIR; };
		A2E6F33826BF80B20083D45B /* VK Feed.app */ = {isa = PBXFileReference; explicitFileType = wrapper.application; includeInIndex = 0; path = "VK Feed.app"; sourceTree = BUILT_PRODUCTS_DIR; };
		A2E6F33B26BF80B20083D45B /* AppDelegate.swift */ = {isa = PBXFileReference; lastKnownFileType = sourcecode.swift; path = AppDelegate.swift; sourceTree = "<group>"; };
		A2E6F33D26BF80B20083D45B /* SceneDelegate.swift */ = {isa = PBXFileReference; lastKnownFileType = sourcecode.swift; path = SceneDelegate.swift; sourceTree = "<group>"; };
		A2E6F34426BF80B30083D45B /* Assets.xcassets */ = {isa = PBXFileReference; lastKnownFileType = folder.assetcatalog; path = Assets.xcassets; sourceTree = "<group>"; };
		A2E6F34726BF80B30083D45B /* Base */ = {isa = PBXFileReference; lastKnownFileType = file.storyboard; name = Base; path = Base.lproj/LaunchScreen.storyboard; sourceTree = "<group>"; };
		A2E6F34926BF80B30083D45B /* Info.plist */ = {isa = PBXFileReference; lastKnownFileType = text.plist.xml; path = Info.plist; sourceTree = "<group>"; };
		A2E8830126C9EF1800E373DE /* WebImageView.swift */ = {isa = PBXFileReference; lastKnownFileType = sourcecode.swift; path = WebImageView.swift; sourceTree = "<group>"; };
		A2E8830326CA811400E373DE /* StringRectHeight.swift */ = {isa = PBXFileReference; lastKnownFileType = sourcecode.swift; path = StringRectHeight.swift; sourceTree = "<group>"; };
		A2E8830526CB910300E373DE /* CellHeightCalculator.swift */ = {isa = PBXFileReference; lastKnownFileType = sourcecode.swift; path = CellHeightCalculator.swift; sourceTree = "<group>"; };
		A2ED206E26C8FE94007247FA /* UIViewBorders.swift */ = {isa = PBXFileReference; fileEncoding = 4; lastKnownFileType = sourcecode.swift; path = UIViewBorders.swift; sourceTree = "<group>"; };
		A2ED206F26C8FE94007247FA /* RoundImageView.swift */ = {isa = PBXFileReference; fileEncoding = 4; lastKnownFileType = sourcecode.swift; path = RoundImageView.swift; sourceTree = "<group>"; };
		A2ED207026C8FE94007247FA /* AssetsUIColors.swift */ = {isa = PBXFileReference; fileEncoding = 4; lastKnownFileType = sourcecode.swift; path = AssetsUIColors.swift; sourceTree = "<group>"; };
		A2ED207126C8FE94007247FA /* UIViewConstraints.swift */ = {isa = PBXFileReference; fileEncoding = 4; lastKnownFileType = sourcecode.swift; path = UIViewConstraints.swift; sourceTree = "<group>"; };
		A2ED207826C8FEEC007247FA /* VKNetworkDataFetchet.swift */ = {isa = PBXFileReference; fileEncoding = 4; lastKnownFileType = sourcecode.swift; path = VKNetworkDataFetchet.swift; sourceTree = "<group>"; };
		A2ED207926C8FEEC007247FA /* VKNetworkService.swift */ = {isa = PBXFileReference; fileEncoding = 4; lastKnownFileType = sourcecode.swift; path = VKNetworkService.swift; sourceTree = "<group>"; };
		A2ED207A26C8FEEC007247FA /* VKApiConstants.swift */ = {isa = PBXFileReference; fileEncoding = 4; lastKnownFileType = sourcecode.swift; path = VKApiConstants.swift; sourceTree = "<group>"; };
		A2ED207B26C8FEEC007247FA /* VKAuthService.swift */ = {isa = PBXFileReference; fileEncoding = 4; lastKnownFileType = sourcecode.swift; path = VKAuthService.swift; sourceTree = "<group>"; };
		A2ED207C26C8FEEC007247FA /* VKResponseModels.swift */ = {isa = PBXFileReference; fileEncoding = 4; lastKnownFileType = sourcecode.swift; path = VKResponseModels.swift; sourceTree = "<group>"; };
		A2ED208526C8FF59007247FA /* PostInfoView.swift */ = {isa = PBXFileReference; fileEncoding = 4; lastKnownFileType = sourcecode.swift; path = PostInfoView.swift; sourceTree = "<group>"; };
		A2ED208626C8FF59007247FA /* PostActionButton.swift */ = {isa = PBXFileReference; fileEncoding = 4; lastKnownFileType = sourcecode.swift; path = PostActionButton.swift; sourceTree = "<group>"; };
		A2ED208726C8FF59007247FA /* PostActionsView.swift */ = {isa = PBXFileReference; fileEncoding = 4; lastKnownFileType = sourcecode.swift; path = PostActionsView.swift; sourceTree = "<group>"; };
		A2ED208826C8FF59007247FA /* PostContentView.swift */ = {isa = PBXFileReference; fileEncoding = 4; lastKnownFileType = sourcecode.swift; path = PostContentView.swift; sourceTree = "<group>"; };
		A2ED208926C8FF59007247FA /* FeedTableViewCell.swift */ = {isa = PBXFileReference; fileEncoding = 4; lastKnownFileType = sourcecode.swift; path = FeedTableViewCell.swift; sourceTree = "<group>"; };
		A2ED208F26C8FF71007247FA /* NewsFeedModels.swift */ = {isa = PBXFileReference; fileEncoding = 4; lastKnownFileType = sourcecode.swift; path = NewsFeedModels.swift; sourceTree = "<group>"; };
		A2ED209526C900D8007247FA /* NewsFeedViewController.swift */ = {isa = PBXFileReference; fileEncoding = 4; lastKnownFileType = sourcecode.swift; path = NewsFeedViewController.swift; sourceTree = "<group>"; };
		A2ED209826C9036A007247FA /* NewsFeedInteractor.swift */ = {isa = PBXFileReference; fileEncoding = 4; lastKnownFileType = sourcecode.swift; path = NewsFeedInteractor.swift; sourceTree = "<group>"; };
		A2ED209926C9036A007247FA /* NewsFeedPresenter.swift */ = {isa = PBXFileReference; fileEncoding = 4; lastKnownFileType = sourcecode.swift; path = NewsFeedPresenter.swift; sourceTree = "<group>"; };
		A2ED20A026C90989007247FA /* AuthViewController.swift */ = {isa = PBXFileReference; lastKnownFileType = sourcecode.swift; path = AuthViewController.swift; sourceTree = "<group>"; };
/* End PBXFileReference section */

/* Begin PBXFrameworksBuildPhase section */
		A2E6F33526BF80B20083D45B /* Frameworks */ = {
			isa = PBXFrameworksBuildPhase;
			buildActionMask = 2147483647;
			files = (
				4C9D3BFB96925F506A6B4933 /* Pods_VK_Feed.framework in Frameworks */,
			);
			runOnlyForDeploymentPostprocessing = 0;
		};
/* End PBXFrameworksBuildPhase section */

/* Begin PBXGroup section */
		7948EDE1DD63745760CA6A5C /* Frameworks */ = {
			isa = PBXGroup;
			children = (
				96F5AEDB052CCA56F3F3536B /* Pods_VK_Feed.framework */,
			);
			name = Frameworks;
			sourceTree = "<group>";
		};
		A2E6F32F26BF80B20083D45B = {
			isa = PBXGroup;
			children = (
				A2E6F33A26BF80B20083D45B /* VK Feed */,
				A2E6F33926BF80B20083D45B /* Products */,
				BFD7CB0E5A7CCE15B031CE0D /* Pods */,
				7948EDE1DD63745760CA6A5C /* Frameworks */,
			);
			sourceTree = "<group>";
		};
		A2E6F33926BF80B20083D45B /* Products */ = {
			isa = PBXGroup;
			children = (
				A2E6F33826BF80B20083D45B /* VK Feed.app */,
			);
			name = Products;
			sourceTree = "<group>";
		};
		A2E6F33A26BF80B20083D45B /* VK Feed */ = {
			isa = PBXGroup;
			children = (
				A2E6F35626BF96830083D45B /* App */,
				A2ED207626C8FEEC007247FA /* NetworkServices */,
				A2ED20A226C9098F007247FA /* Auth */,
				A2ED208326C8FF46007247FA /* NewsFeed */,
				A2ED206D26C8FE94007247FA /* Helpers */,
				A2E6F35526BF96750083D45B /* Resources */,
				A2E6F34926BF80B30083D45B /* Info.plist */,
			);
			path = "VK Feed";
			sourceTree = "<group>";
		};
		A2E6F35526BF96750083D45B /* Resources */ = {
			isa = PBXGroup;
			children = (
				A2E6F34426BF80B30083D45B /* Assets.xcassets */,
			);
			path = Resources;
			sourceTree = "<group>";
		};
		A2E6F35626BF96830083D45B /* App */ = {
			isa = PBXGroup;
			children = (
				A2E6F33B26BF80B20083D45B /* AppDelegate.swift */,
				A2E6F33D26BF80B20083D45B /* SceneDelegate.swift */,
				A2E6F34626BF80B30083D45B /* LaunchScreen.storyboard */,
			);
			path = App;
			sourceTree = "<group>";
		};
		A2ED206D26C8FE94007247FA /* Helpers */ = {
			isa = PBXGroup;
			children = (
				A2ED206E26C8FE94007247FA /* UIViewBorders.swift */,
				A2E8830126C9EF1800E373DE /* WebImageView.swift */,
				A2ED206F26C8FE94007247FA /* RoundImageView.swift */,
				A2ED207026C8FE94007247FA /* AssetsUIColors.swift */,
				A2ED207126C8FE94007247FA /* UIViewConstraints.swift */,
				A2E8830326CA811400E373DE /* StringRectHeight.swift */,
			);
			name = Helpers;
			path = App/Helpers;
			sourceTree = "<group>";
		};
		A2ED207626C8FEEC007247FA /* NetworkServices */ = {
			isa = PBXGroup;
			children = (
				A2ED207A26C8FEEC007247FA /* VKApiConstants.swift */,
				A2ED207C26C8FEEC007247FA /* VKResponseModels.swift */,
				A2ED207B26C8FEEC007247FA /* VKAuthService.swift */,
				A2ED207926C8FEEC007247FA /* VKNetworkService.swift */,
				A2ED207826C8FEEC007247FA /* VKNetworkDataFetchet.swift */,
			);
			path = NetworkServices;
			sourceTree = "<group>";
		};
		A2ED208326C8FF46007247FA /* NewsFeed */ = {
			isa = PBXGroup;
			children = (
				A2ED208426C8FF59007247FA /* Views */,
				A2ED208F26C8FF71007247FA /* NewsFeedModels.swift */,
				A2ED209526C900D8007247FA /* NewsFeedViewController.swift */,
				A2ED209826C9036A007247FA /* NewsFeedInteractor.swift */,
				A2ED209926C9036A007247FA /* NewsFeedPresenter.swift */,
			);
			path = NewsFeed;
			sourceTree = "<group>";
		};
		A2ED208426C8FF59007247FA /* Views */ = {
			isa = PBXGroup;
			children = (
				A2E8830526CB910300E373DE /* CellHeightCalculator.swift */,
				A2ED208926C8FF59007247FA /* FeedTableViewCell.swift */,
				A2ED208526C8FF59007247FA /* PostInfoView.swift */,
				A2ED208826C8FF59007247FA /* PostContentView.swift */,
				A2ED208626C8FF59007247FA /* PostActionButton.swift */,
				A2ED208726C8FF59007247FA /* PostActionsView.swift */,
			);
			path = Views;
			sourceTree = "<group>";
		};
		A2ED20A226C9098F007247FA /* Auth */ = {
			isa = PBXGroup;
			children = (
				A2ED20A026C90989007247FA /* AuthViewController.swift */,
			);
			path = Auth;
			sourceTree = "<group>";
		};
		BFD7CB0E5A7CCE15B031CE0D /* Pods */ = {
			isa = PBXGroup;
			children = (
				0244E9B4248F3B58945BF1E5 /* Pods-VK Feed.debug.xcconfig */,
				48AD9B9E16EA6B6FC79494A3 /* Pods-VK Feed.release.xcconfig */,
			);
			path = Pods;
			sourceTree = "<group>";
		};
/* End PBXGroup section */

/* Begin PBXNativeTarget section */
		A2E6F33726BF80B20083D45B /* VK Feed */ = {
			isa = PBXNativeTarget;
			buildConfigurationList = A2E6F34C26BF80B30083D45B /* Build configuration list for PBXNativeTarget "VK Feed" */;
			buildPhases = (
				6C3EB6C10F7D7C5C182AD2F7 /* [CP] Check Pods Manifest.lock */,
				A2E6F33426BF80B20083D45B /* Sources */,
				A2E6F33526BF80B20083D45B /* Frameworks */,
				A2E6F33626BF80B20083D45B /* Resources */,
				FE656B7411C289EED828AD3E /* [CP] Embed Pods Frameworks */,
			);
			buildRules = (
			);
			dependencies = (
			);
			name = "VK Feed";
			productName = "VK Feed";
			productReference = A2E6F33826BF80B20083D45B /* VK Feed.app */;
			productType = "com.apple.product-type.application";
		};
/* End PBXNativeTarget section */

/* Begin PBXProject section */
		A2E6F33026BF80B20083D45B /* Project object */ = {
			isa = PBXProject;
			attributes = {
				LastSwiftUpdateCheck = 1250;
				LastUpgradeCheck = 1250;
				TargetAttributes = {
					A2E6F33726BF80B20083D45B = {
						CreatedOnToolsVersion = 12.5.1;
					};
				};
			};
			buildConfigurationList = A2E6F33326BF80B20083D45B /* Build configuration list for PBXProject "VK Feed" */;
			compatibilityVersion = "Xcode 9.3";
			developmentRegion = en;
			hasScannedForEncodings = 0;
			knownRegions = (
				en,
				Base,
			);
			mainGroup = A2E6F32F26BF80B20083D45B;
			productRefGroup = A2E6F33926BF80B20083D45B /* Products */;
			projectDirPath = "";
			projectRoot = "";
			targets = (
				A2E6F33726BF80B20083D45B /* VK Feed */,
			);
		};
/* End PBXProject section */

/* Begin PBXResourcesBuildPhase section */
		A2E6F33626BF80B20083D45B /* Resources */ = {
			isa = PBXResourcesBuildPhase;
			buildActionMask = 2147483647;
			files = (
				A2E6F34826BF80B30083D45B /* LaunchScreen.storyboard in Resources */,
				A2E6F34526BF80B30083D45B /* Assets.xcassets in Resources */,
			);
			runOnlyForDeploymentPostprocessing = 0;
		};
/* End PBXResourcesBuildPhase section */

/* Begin PBXShellScriptBuildPhase section */
		6C3EB6C10F7D7C5C182AD2F7 /* [CP] Check Pods Manifest.lock */ = {
			isa = PBXShellScriptBuildPhase;
			buildActionMask = 2147483647;
			files = (
			);
			inputFileListPaths = (
			);
			inputPaths = (
				"${PODS_PODFILE_DIR_PATH}/Podfile.lock",
				"${PODS_ROOT}/Manifest.lock",
			);
			name = "[CP] Check Pods Manifest.lock";
			outputFileListPaths = (
			);
			outputPaths = (
				"$(DERIVED_FILE_DIR)/Pods-VK Feed-checkManifestLockResult.txt",
			);
			runOnlyForDeploymentPostprocessing = 0;
			shellPath = /bin/sh;
			shellScript = "diff \"${PODS_PODFILE_DIR_PATH}/Podfile.lock\" \"${PODS_ROOT}/Manifest.lock\" > /dev/null\nif [ $? != 0 ] ; then\n    # print error to STDERR\n    echo \"error: The sandbox is not in sync with the Podfile.lock. Run 'pod install' or update your CocoaPods installation.\" >&2\n    exit 1\nfi\n# This output is used by Xcode 'outputs' to avoid re-running this script phase.\necho \"SUCCESS\" > \"${SCRIPT_OUTPUT_FILE_0}\"\n";
			showEnvVarsInLog = 0;
		};
		FE656B7411C289EED828AD3E /* [CP] Embed Pods Frameworks */ = {
			isa = PBXShellScriptBuildPhase;
			buildActionMask = 2147483647;
			files = (
			);
			inputFileListPaths = (
				"${PODS_ROOT}/Target Support Files/Pods-VK Feed/Pods-VK Feed-frameworks-${CONFIGURATION}-input-files.xcfilelist",
			);
			name = "[CP] Embed Pods Frameworks";
			outputFileListPaths = (
				"${PODS_ROOT}/Target Support Files/Pods-VK Feed/Pods-VK Feed-frameworks-${CONFIGURATION}-output-files.xcfilelist",
			);
			runOnlyForDeploymentPostprocessing = 0;
			shellPath = /bin/sh;
			shellScript = "\"${PODS_ROOT}/Target Support Files/Pods-VK Feed/Pods-VK Feed-frameworks.sh\"\n";
			showEnvVarsInLog = 0;
		};
/* End PBXShellScriptBuildPhase section */

/* Begin PBXSourcesBuildPhase section */
		A2E6F33426BF80B20083D45B /* Sources */ = {
			isa = PBXSourcesBuildPhase;
			buildActionMask = 2147483647;
			files = (
				A2ED20A126C90989007247FA /* AuthViewController.swift in Sources */,
				A2E6F33C26BF80B20083D45B /* AppDelegate.swift in Sources */,
				A2ED207526C8FE94007247FA /* UIViewConstraints.swift in Sources */,
				A2ED208A26C8FF59007247FA /* PostInfoView.swift in Sources */,
				A2ED207326C8FE94007247FA /* RoundImageView.swift in Sources */,
				A2ED207226C8FE94007247FA /* UIViewBorders.swift in Sources */,
				A2ED208126C8FEEC007247FA /* VKResponseModels.swift in Sources */,
				A2ED208C26C8FF59007247FA /* PostActionsView.swift in Sources */,
				A2ED207F26C8FEEC007247FA /* VKApiConstants.swift in Sources */,
				A2ED207426C8FE94007247FA /* AssetsUIColors.swift in Sources */,
				A2ED208E26C8FF59007247FA /* FeedTableViewCell.swift in Sources */,
				A2ED208026C8FEEC007247FA /* VKAuthService.swift in Sources */,
				A2ED209626C900D8007247FA /* NewsFeedViewController.swift in Sources */,
				A2ED207E26C8FEEC007247FA /* VKNetworkService.swift in Sources */,
				A2ED207D26C8FEEC007247FA /* VKNetworkDataFetchet.swift in Sources */,
				A2ED209D26C9036A007247FA /* NewsFeedPresenter.swift in Sources */,
				A2E8830626CB910300E373DE /* CellHeightCalculator.swift in Sources */,
				A2ED208D26C8FF59007247FA /* PostContentView.swift in Sources */,
				A2ED208B26C8FF59007247FA /* PostActionButton.swift in Sources */,
				A2ED209026C8FF71007247FA /* NewsFeedModels.swift in Sources */,
				A2E8830426CA811400E373DE /* StringRectHeight.swift in Sources */,
				A2E6F33E26BF80B20083D45B /* SceneDelegate.swift in Sources */,
				A2ED209C26C9036A007247FA /* NewsFeedInteractor.swift in Sources */,
				A2E8830226C9EF1800E373DE /* WebImageView.swift in Sources */,
			);
			runOnlyForDeploymentPostprocessing = 0;
		};
/* End PBXSourcesBuildPhase section */

/* Begin PBXVariantGroup section */
		A2E6F34626BF80B30083D45B /* LaunchScreen.storyboard */ = {
			isa = PBXVariantGroup;
			children = (
				A2E6F34726BF80B30083D45B /* Base */,
			);
			name = LaunchScreen.storyboard;
			sourceTree = "<group>";
		};
/* End PBXVariantGroup section */

/* Begin XCBuildConfiguration section */
		A2E6F34A26BF80B30083D45B /* Debug */ = {
			isa = XCBuildConfiguration;
			buildSettings = {
				ALWAYS_SEARCH_USER_PATHS = NO;
				CLANG_ANALYZER_NONNULL = YES;
				CLANG_ANALYZER_NUMBER_OBJECT_CONVERSION = YES_AGGRESSIVE;
				CLANG_CXX_LANGUAGE_STANDARD = "gnu++14";
				CLANG_CXX_LIBRARY = "libc++";
				CLANG_ENABLE_MODULES = YES;
				CLANG_ENABLE_OBJC_ARC = YES;
				CLANG_ENABLE_OBJC_WEAK = YES;
				CLANG_WARN_BLOCK_CAPTURE_AUTORELEASING = YES;
				CLANG_WARN_BOOL_CONVERSION = YES;
				CLANG_WARN_COMMA = YES;
				CLANG_WARN_CONSTANT_CONVERSION = YES;
				CLANG_WARN_DEPRECATED_OBJC_IMPLEMENTATIONS = YES;
				CLANG_WARN_DIRECT_OBJC_ISA_USAGE = YES_ERROR;
				CLANG_WARN_DOCUMENTATION_COMMENTS = YES;
				CLANG_WARN_EMPTY_BODY = YES;
				CLANG_WARN_ENUM_CONVERSION = YES;
				CLANG_WARN_INFINITE_RECURSION = YES;
				CLANG_WARN_INT_CONVERSION = YES;
				CLANG_WARN_NON_LITERAL_NULL_CONVERSION = YES;
				CLANG_WARN_OBJC_IMPLICIT_RETAIN_SELF = YES;
				CLANG_WARN_OBJC_LITERAL_CONVERSION = YES;
				CLANG_WARN_OBJC_ROOT_CLASS = YES_ERROR;
				CLANG_WARN_QUOTED_INCLUDE_IN_FRAMEWORK_HEADER = YES;
				CLANG_WARN_RANGE_LOOP_ANALYSIS = YES;
				CLANG_WARN_STRICT_PROTOTYPES = YES;
				CLANG_WARN_SUSPICIOUS_MOVE = YES;
				CLANG_WARN_UNGUARDED_AVAILABILITY = YES_AGGRESSIVE;
				CLANG_WARN_UNREACHABLE_CODE = YES;
				CLANG_WARN__DUPLICATE_METHOD_MATCH = YES;
				COPY_PHASE_STRIP = NO;
				DEBUG_INFORMATION_FORMAT = dwarf;
				ENABLE_STRICT_OBJC_MSGSEND = YES;
				ENABLE_TESTABILITY = YES;
				GCC_C_LANGUAGE_STANDARD = gnu11;
				GCC_DYNAMIC_NO_PIC = NO;
				GCC_NO_COMMON_BLOCKS = YES;
				GCC_OPTIMIZATION_LEVEL = 0;
				GCC_PREPROCESSOR_DEFINITIONS = (
					"DEBUG=1",
					"$(inherited)",
				);
				GCC_WARN_64_TO_32_BIT_CONVERSION = YES;
				GCC_WARN_ABOUT_RETURN_TYPE = YES_ERROR;
				GCC_WARN_UNDECLARED_SELECTOR = YES;
				GCC_WARN_UNINITIALIZED_AUTOS = YES_AGGRESSIVE;
				GCC_WARN_UNUSED_FUNCTION = YES;
				GCC_WARN_UNUSED_VARIABLE = YES;
				IPHONEOS_DEPLOYMENT_TARGET = 14.5;
				MTL_ENABLE_DEBUG_INFO = INCLUDE_SOURCE;
				MTL_FAST_MATH = YES;
				ONLY_ACTIVE_ARCH = YES;
				SDKROOT = iphoneos;
				SWIFT_ACTIVE_COMPILATION_CONDITIONS = DEBUG;
				SWIFT_OPTIMIZATION_LEVEL = "-Onone";
			};
			name = Debug;
		};
		A2E6F34B26BF80B30083D45B /* Release */ = {
			isa = XCBuildConfiguration;
			buildSettings = {
				ALWAYS_SEARCH_USER_PATHS = NO;
				CLANG_ANALYZER_NONNULL = YES;
				CLANG_ANALYZER_NUMBER_OBJECT_CONVERSION = YES_AGGRESSIVE;
				CLANG_CXX_LANGUAGE_STANDARD = "gnu++14";
				CLANG_CXX_LIBRARY = "libc++";
				CLANG_ENABLE_MODULES = YES;
				CLANG_ENABLE_OBJC_ARC = YES;
				CLANG_ENABLE_OBJC_WEAK = YES;
				CLANG_WARN_BLOCK_CAPTURE_AUTORELEASING = YES;
				CLANG_WARN_BOOL_CONVERSION = YES;
				CLANG_WARN_COMMA = YES;
				CLANG_WARN_CONSTANT_CONVERSION = YES;
				CLANG_WARN_DEPRECATED_OBJC_IMPLEMENTATIONS = YES;
				CLANG_WARN_DIRECT_OBJC_ISA_USAGE = YES_ERROR;
				CLANG_WARN_DOCUMENTATION_COMMENTS = YES;
				CLANG_WARN_EMPTY_BODY = YES;
				CLANG_WARN_ENUM_CONVERSION = YES;
				CLANG_WARN_INFINITE_RECURSION = YES;
				CLANG_WARN_INT_CONVERSION = YES;
				CLANG_WARN_NON_LITERAL_NULL_CONVERSION = YES;
				CLANG_WARN_OBJC_IMPLICIT_RETAIN_SELF = YES;
				CLANG_WARN_OBJC_LITERAL_CONVERSION = YES;
				CLANG_WARN_OBJC_ROOT_CLASS = YES_ERROR;
				CLANG_WARN_QUOTED_INCLUDE_IN_FRAMEWORK_HEADER = YES;
				CLANG_WARN_RANGE_LOOP_ANALYSIS = YES;
				CLANG_WARN_STRICT_PROTOTYPES = YES;
				CLANG_WARN_SUSPICIOUS_MOVE = YES;
				CLANG_WARN_UNGUARDED_AVAILABILITY = YES_AGGRESSIVE;
				CLANG_WARN_UNREACHABLE_CODE = YES;
				CLANG_WARN__DUPLICATE_METHOD_MATCH = YES;
				COPY_PHASE_STRIP = NO;
				DEBUG_INFORMATION_FORMAT = "dwarf-with-dsym";
				ENABLE_NS_ASSERTIONS = NO;
				ENABLE_STRICT_OBJC_MSGSEND = YES;
				GCC_C_LANGUAGE_STANDARD = gnu11;
				GCC_NO_COMMON_BLOCKS = YES;
				GCC_WARN_64_TO_32_BIT_CONVERSION = YES;
				GCC_WARN_ABOUT_RETURN_TYPE = YES_ERROR;
				GCC_WARN_UNDECLARED_SELECTOR = YES;
				GCC_WARN_UNINITIALIZED_AUTOS = YES_AGGRESSIVE;
				GCC_WARN_UNUSED_FUNCTION = YES;
				GCC_WARN_UNUSED_VARIABLE = YES;
				IPHONEOS_DEPLOYMENT_TARGET = 14.5;
				MTL_ENABLE_DEBUG_INFO = NO;
				MTL_FAST_MATH = YES;
				SDKROOT = iphoneos;
				SWIFT_COMPILATION_MODE = wholemodule;
				SWIFT_OPTIMIZATION_LEVEL = "-O";
				VALIDATE_PRODUCT = YES;
			};
			name = Release;
		};
		A2E6F34D26BF80B30083D45B /* Debug */ = {
			isa = XCBuildConfiguration;
			baseConfigurationReference = 0244E9B4248F3B58945BF1E5 /* Pods-VK Feed.debug.xcconfig */;
			buildSettings = {
				ASSETCATALOG_COMPILER_APPICON_NAME = AppIcon;
				ASSETCATALOG_COMPILER_GLOBAL_ACCENT_COLOR_NAME = AccentColor;
				CODE_SIGN_STYLE = Automatic;
				DEVELOPMENT_TEAM = 34YD2762N8;
				INFOPLIST_FILE = "VK Feed/Info.plist";
				LD_RUNPATH_SEARCH_PATHS = (
					"$(inherited)",
					"@executable_path/Frameworks",
				);
				PRODUCT_BUNDLE_IDENTIFIER = "com.gmail.artemkononov2000.VK-Feed";
				PRODUCT_NAME = "$(TARGET_NAME)";
				SWIFT_VERSION = 5.0;
				TARGETED_DEVICE_FAMILY = "1,2";
			};
			name = Debug;
		};
		A2E6F34E26BF80B30083D45B /* Release */ = {
			isa = XCBuildConfiguration;
			baseConfigurationReference = 48AD9B9E16EA6B6FC79494A3 /* Pods-VK Feed.release.xcconfig */;
			buildSettings = {
				ASSETCATALOG_COMPILER_APPICON_NAME = AppIcon;
				ASSETCATALOG_COMPILER_GLOBAL_ACCENT_COLOR_NAME = AccentColor;
				CODE_SIGN_STYLE = Automatic;
				DEVELOPMENT_TEAM = 34YD2762N8;
				INFOPLIST_FILE = "VK Feed/Info.plist";
				LD_RUNPATH_SEARCH_PATHS = (
					"$(inherited)",
					"@executable_path/Frameworks",
				);
				PRODUCT_BUNDLE_IDENTIFIER = "com.gmail.artemkononov2000.VK-Feed";
				PRODUCT_NAME = "$(TARGET_NAME)";
				SWIFT_VERSION = 5.0;
				TARGETED_DEVICE_FAMILY = "1,2";
			};
			name = Release;
		};
/* End XCBuildConfiguration section */

/* Begin XCConfigurationList section */
		A2E6F33326BF80B20083D45B /* Build configuration list for PBXProject "VK Feed" */ = {
			isa = XCConfigurationList;
			buildConfigurations = (
				A2E6F34A26BF80B30083D45B /* Debug */,
				A2E6F34B26BF80B30083D45B /* Release */,
			);
			defaultConfigurationIsVisible = 0;
			defaultConfigurationName = Release;
		};
		A2E6F34C26BF80B30083D45B /* Build configuration list for PBXNativeTarget "VK Feed" */ = {
			isa = XCConfigurationList;
			buildConfigurations = (
				A2E6F34D26BF80B30083D45B /* Debug */,
				A2E6F34E26BF80B30083D45B /* Release */,
			);
			defaultConfigurationIsVisible = 0;
			defaultConfigurationName = Release;
		};
/* End XCConfigurationList section */
	};
	rootObject = A2E6F33026BF80B20083D45B /* Project object */;
}
